
Microsoft Visual Studio Solution File, Format Version 12.00
# Visual Studio 15
VisualStudioVersion = 15.0.26124.0
MinimumVisualStudioVersion = 15.0.26124.0
Project("{FAE04EC0-301F-11D3-BF4B-00C04F79EFBC}") = "App", "App\App.csproj", "{C48832A0-B46D-419E-A487-19116FAE38F8}"
EndProject
Project("{FAE04EC0-301F-11D3-BF4B-00C04F79EFBC}") = "Tests", "Tests\Tests.csproj", "{282ADC6E-DBDF-4916-A30F-243B574E2504}"
EndProject
Project("{FAE04EC0-301F-11D3-BF4B-00C04F79EFBC}") = "Domain", "Domain\Domain.csproj", "{02803FC9-C8D3-4F79-B995-756D131AE6D5}"
EndProject
Project("{FAE04EC0-301F-11D3-BF4B-00C04F79EFBC}") = "DomainShould", "DomainShould\DomainShould.csproj", "{4BA0FA9D-881A-4628-8707-E11208E32854}"
EndProject
Global
	GlobalSection(SolutionConfigurationPlatforms) = preSolution
		Debug|Any CPU = Debug|Any CPU
		Debug|x64 = Debug|x64
		Debug|x86 = Debug|x86
		Release|Any CPU = Release|Any CPU
		Release|x64 = Release|x64
		Release|x86 = Release|x86
	EndGlobalSection
	GlobalSection(SolutionProperties) = preSolution
		HideSolutionNode = FALSE
	EndGlobalSection
	GlobalSection(ProjectConfigurationPlatforms) = postSolution
		{C48832A0-B46D-419E-A487-19116FAE38F8}.Debug|Any CPU.ActiveCfg = Debug|Any CPU
		{C48832A0-B46D-419E-A487-19116FAE38F8}.Debug|Any CPU.Build.0 = Debug|Any CPU
		{C48832A0-B46D-419E-A487-19116FAE38F8}.Debug|x64.ActiveCfg = Debug|Any CPU
		{C48832A0-B46D-419E-A487-19116FAE38F8}.Debug|x64.Build.0 = Debug|Any CPU
		{C48832A0-B46D-419E-A487-19116FAE38F8}.Debug|x86.ActiveCfg = Debug|Any CPU
		{C48832A0-B46D-419E-A487-19116FAE38F8}.Debug|x86.Build.0 = Debug|Any CPU
		{C48832A0-B46D-419E-A487-19116FAE38F8}.Release|Any CPU.ActiveCfg = Release|Any CPU
		{C48832A0-B46D-419E-A487-19116FAE38F8}.Release|Any CPU.Build.0 = Release|Any CPU
		{C48832A0-B46D-419E-A487-19116FAE38F8}.Release|x64.ActiveCfg = Release|Any CPU
		{C48832A0-B46D-419E-A487-19116FAE38F8}.Release|x64.Build.0 = Release|Any CPU
		{C48832A0-B46D-419E-A487-19116FAE38F8}.Release|x86.ActiveCfg = Release|Any CPU
		{C48832A0-B46D-419E-A487-19116FAE38F8}.Release|x86.Build.0 = Release|Any CPU
		{282ADC6E-DBDF-4916-A30F-243B574E2504}.Debug|Any CPU.ActiveCfg = Debug|Any CPU
		{282ADC6E-DBDF-4916-A30F-243B574E2504}.Debug|Any CPU.Build.0 = Debug|Any CPU
		{282ADC6E-DBDF-4916-A30F-243B574E2504}.Debug|x64.ActiveCfg = Debug|Any CPU
		{282ADC6E-DBDF-4916-A30F-243B574E2504}.Debug|x64.Build.0 = Debug|Any CPU
		{282ADC6E-DBDF-4916-A30F-243B574E2504}.Debug|x86.ActiveCfg = Debug|Any CPU
		{282ADC6E-DBDF-4916-A30F-243B574E2504}.Debug|x86.Build.0 = Debug|Any CPU
		{282ADC6E-DBDF-4916-A30F-243B574E2504}.Release|Any CPU.ActiveCfg = Release|Any CPU
		{282ADC6E-DBDF-4916-A30F-243B574E2504}.Release|Any CPU.Build.0 = Release|Any CPU
		{282ADC6E-DBDF-4916-A30F-243B574E2504}.Release|x64.ActiveCfg = Release|Any CPU
		{282ADC6E-DBDF-4916-A30F-243B574E2504}.Release|x64.Build.0 = Release|Any CPU
		{282ADC6E-DBDF-4916-A30F-243B574E2504}.Release|x86.ActiveCfg = Release|Any CPU
		{282ADC6E-DBDF-4916-A30F-243B574E2504}.Release|x86.Build.0 = Release|Any CPU
		{02803FC9-C8D3-4F79-B995-756D131AE6D5}.Debug|Any CPU.ActiveCfg = Debug|Any CPU
		{02803FC9-C8D3-4F79-B995-756D131AE6D5}.Debug|Any CPU.Build.0 = Debug|Any CPU
		{02803FC9-C8D3-4F79-B995-756D131AE6D5}.Debug|x64.ActiveCfg = Debug|Any CPU
		{02803FC9-C8D3-4F79-B995-756D131AE6D5}.Debug|x64.Build.0 = Debug|Any CPU
		{02803FC9-C8D3-4F79-B995-756D131AE6D5}.Debug|x86.ActiveCfg = Debug|Any CPU
		{02803FC9-C8D3-4F79-B995-756D131AE6D5}.Debug|x86.Build.0 = Debug|Any CPU
		{02803FC9-C8D3-4F79-B995-756D131AE6D5}.Release|Any CPU.ActiveCfg = Release|Any CPU
		{02803FC9-C8D3-4F79-B995-756D131AE6D5}.Release|Any CPU.Build.0 = Release|Any CPU
		{02803FC9-C8D3-4F79-B995-756D131AE6D5}.Release|x64.ActiveCfg = Release|Any CPU
		{02803FC9-C8D3-4F79-B995-756D131AE6D5}.Release|x64.Build.0 = Release|Any CPU
		{02803FC9-C8D3-4F79-B995-756D131AE6D5}.Release|x86.ActiveCfg = Release|Any CPU
		{02803FC9-C8D3-4F79-B995-756D131AE6D5}.Release|x86.Build.0 = Release|Any CPU
		{4BA0FA9D-881A-4628-8707-E11208E32854}.Debug|Any CPU.ActiveCfg = Debug|Any CPU
		{4BA0FA9D-881A-4628-8707-E11208E32854}.Debug|Any CPU.Build.0 = Debug|Any CPU
		{4BA0FA9D-881A-4628-8707-E11208E32854}.Debug|x64.ActiveCfg = Debug|Any CPU
		{4BA0FA9D-881A-4628-8707-E11208E32854}.Debug|x64.Build.0 = Debug|Any CPU
		{4BA0FA9D-881A-4628-8707-E11208E32854}.Debug|x86.ActiveCfg = Debug|Any CPU
		{4BA0FA9D-881A-4628-8707-E11208E32854}.Debug|x86.Build.0 = Debug|Any CPU
		{4BA0FA9D-881A-4628-8707-E11208E32854}.Release|Any CPU.ActiveCfg = Release|Any CPU
		{4BA0FA9D-881A-4628-8707-E11208E32854}.Release|Any CPU.Build.0 = Release|Any CPU
		{4BA0FA9D-881A-4628-8707-E11208E32854}.Release|x64.ActiveCfg = Release|Any CPU
		{4BA0FA9D-881A-4628-8707-E11208E32854}.Release|x64.Build.0 = Release|Any CPU
		{4BA0FA9D-881A-4628-8707-E11208E32854}.Release|x86.ActiveCfg = Release|Any CPU
		{4BA0FA9D-881A-4628-8707-E11208E32854}.Release|x86.Build.0 = Release|Any CPU
	EndGlobalSection
EndGlobal
